
Microsoft Visual Studio Solution File, Format Version 12.00
# Visual Studio Version 16
VisualStudioVersion = 16.0.31112.23
MinimumVisualStudioVersion = 10.0.40219.1
Project("{2150E333-8FDC-42A3-9474-1A3956D46DE8}") = "Engine", "Engine", "{08D7008C-9EDA-48B2-A533-DC702ED93E1F}"
EndProject
Project("{2150E333-8FDC-42A3-9474-1A3956D46DE8}") = "Runtime", "Runtime", "{A0186DBB-07F7-44B7-9C75-1621F2701C81}"
EndProject
Project("{2150E333-8FDC-42A3-9474-1A3956D46DE8}") = "ThirdParty", "ThirdParty", "{1E9B477B-9EBA-4AB3-9560-47357A48F070}"
EndProject
Project("{9A19103F-16F7-4668-BE54-9A1E7A4F7556}") = "Core", "Engine\Source\Runtime\Core\Core.csproj", "{F1837FD7-1893-48F2-A9D1-AD8004C55B32}"
EndProject
Project("{9A19103F-16F7-4668-BE54-9A1E7A4F7556}") = "Launch", "Engine\Source\Runtime\Launch\Launch.csproj", "{37F5ACFC-E3C8-401B-9EC0-D76E55176A78}"
EndProject
Project("{2150E333-8FDC-42A3-9474-1A3956D46DE8}") = "Game", "Game", "{4EBFC71C-6661-46D3-9130-C4DC549985EC}"
EndProject
Project("{9A19103F-16F7-4668-BE54-9A1E7A4F7556}") = "SampleGame", "Game\Source\SampleGame\SampleGame.csproj", "{472DD436-B1A5-4587-AEC5-CA60133D7DA7}"
EndProject
Project("{9A19103F-16F7-4668-BE54-9A1E7A4F7556}") = "WinAPI", "ThirdParty\Source\WinAPI\WinAPI.csproj", "{5BE0A90B-F00B-46F8-8F3E-F6DF40A5EB67}"
EndProject
Project("{9A19103F-16F7-4668-BE54-9A1E7A4F7556}") = "GameFramework", "Engine\Source\Runtime\GameFramework\GameFramework.csproj", "{FC2E1CD8-05C6-4E07-8A1B-2F95C141E7A7}"
EndProject
Project("{9A19103F-16F7-4668-BE54-9A1E7A4F7556}") = "Slate", "Engine\Source\Runtime\Slate\Slate.csproj", "{F61BF5D3-F4E0-434E-BEE0-A077AFD183C7}"
EndProject
Project("{2150E333-8FDC-42A3-9474-1A3956D46DE8}") = "Editor", "Editor", "{DD80F69A-8E28-4FF3-A070-6AE8A146DB6C}"
EndProject
Project("{9A19103F-16F7-4668-BE54-9A1E7A4F7556}") = "EditorLaunch", "Engine\Source\Editor\EditorLaunch\EditorLaunch.csproj", "{5F487CEF-A39C-42C9-9877-80D38A56FB7A}"
EndProject
Project("{9A19103F-16F7-4668-BE54-9A1E7A4F7556}") = "RenderCore", "Engine\Source\Runtime\RenderCore\RenderCore.csproj", "{5663D602-F07A-4087-AF21-338925211176}"
EndProject
Project("{9A19103F-16F7-4668-BE54-9A1E7A4F7556}") = "DirectX", "ThirdParty\Source\DirectX\DirectX.csproj", "{BDA3AAB7-3E42-49D7-A9EC-033026169460}"
EndProject
Project("{8BC9CEB8-8B4A-11D0-8D11-00A0C91BC942}") = "DirectX.DXGI", "ThirdParty\Source\DirectX.DXGI\DirectX.DXGI.vcxproj", "{FDC91C42-025A-4157-BF6A-ED0FF44E3DBC}"
EndProject
Project("{8BC9CEB8-8B4A-11D0-8D11-00A0C91BC942}") = "DirectX.D3D12", "ThirdParty\Source\DirectX.D3D12\DirectX.D3D12.vcxproj", "{641A23FB-DB7E-4596-BCCA-F0FF005EB2F6}"
EndProject
Project("{8BC9CEB8-8B4A-11D0-8D11-00A0C91BC942}") = "DirectX.D3D11", "ThirdParty\Source\DirectX.D3D11\DirectX.D3D11.vcxproj", "{FC89A91D-BED1-4225-B811-4311A8066A5D}"
EndProject
Project("{8BC9CEB8-8B4A-11D0-8D11-00A0C91BC942}") = "DirectX.D2D1", "ThirdParty\Source\DirectX.D2D1\DirectX.D2D1.vcxproj", "{A89D1CA0-29DD-41CF-BE82-C8CC3D4831BF}"
EndProject
Project("{FAE04EC0-301F-11D3-BF4B-00C04F79EFBC}") = "GameCore", "Engine\Source\Runtime\GameCore\GameCore.csproj", "{D903C9EB-BD93-4DAA-9374-FDD793A62663}"
EndProject
Global
	GlobalSection(SolutionConfigurationPlatforms) = preSolution
		Debug|x64 = Debug|x64
		DebugGame|x64 = DebugGame|x64
		Release|x64 = Release|x64
	EndGlobalSection
	GlobalSection(ProjectConfigurationPlatforms) = postSolution
		{F1837FD7-1893-48F2-A9D1-AD8004C55B32}.Debug|x64.ActiveCfg = Debug|x64
		{F1837FD7-1893-48F2-A9D1-AD8004C55B32}.Debug|x64.Build.0 = Debug|x64
		{F1837FD7-1893-48F2-A9D1-AD8004C55B32}.DebugGame|x64.ActiveCfg = Release|x64
		{F1837FD7-1893-48F2-A9D1-AD8004C55B32}.DebugGame|x64.Build.0 = Release|x64
		{F1837FD7-1893-48F2-A9D1-AD8004C55B32}.Release|x64.ActiveCfg = Release|x64
		{F1837FD7-1893-48F2-A9D1-AD8004C55B32}.Release|x64.Build.0 = Release|x64
		{37F5ACFC-E3C8-401B-9EC0-D76E55176A78}.Debug|x64.ActiveCfg = Debug|x64
		{37F5ACFC-E3C8-401B-9EC0-D76E55176A78}.Debug|x64.Build.0 = Debug|x64
		{37F5ACFC-E3C8-401B-9EC0-D76E55176A78}.DebugGame|x64.ActiveCfg = Debug|x64
		{37F5ACFC-E3C8-401B-9EC0-D76E55176A78}.DebugGame|x64.Build.0 = Debug|x64
		{37F5ACFC-E3C8-401B-9EC0-D76E55176A78}.Release|x64.ActiveCfg = Release|x64
		{37F5ACFC-E3C8-401B-9EC0-D76E55176A78}.Release|x64.Build.0 = Release|x64
		{472DD436-B1A5-4587-AEC5-CA60133D7DA7}.Debug|x64.ActiveCfg = Debug|x64
		{472DD436-B1A5-4587-AEC5-CA60133D7DA7}.Debug|x64.Build.0 = Debug|x64
		{472DD436-B1A5-4587-AEC5-CA60133D7DA7}.DebugGame|x64.ActiveCfg = Debug|x64
		{472DD436-B1A5-4587-AEC5-CA60133D7DA7}.DebugGame|x64.Build.0 = Debug|x64
		{472DD436-B1A5-4587-AEC5-CA60133D7DA7}.Release|x64.ActiveCfg = Release|x64
		{472DD436-B1A5-4587-AEC5-CA60133D7DA7}.Release|x64.Build.0 = Release|x64
		{5BE0A90B-F00B-46F8-8F3E-F6DF40A5EB67}.Debug|x64.ActiveCfg = Release|x64
		{5BE0A90B-F00B-46F8-8F3E-F6DF40A5EB67}.Debug|x64.Build.0 = Release|x64
		{5BE0A90B-F00B-46F8-8F3E-F6DF40A5EB67}.DebugGame|x64.ActiveCfg = Release|x64
		{5BE0A90B-F00B-46F8-8F3E-F6DF40A5EB67}.DebugGame|x64.Build.0 = Release|x64
		{5BE0A90B-F00B-46F8-8F3E-F6DF40A5EB67}.Release|x64.ActiveCfg = Release|x64
		{5BE0A90B-F00B-46F8-8F3E-F6DF40A5EB67}.Release|x64.Build.0 = Release|x64
		{FC2E1CD8-05C6-4E07-8A1B-2F95C141E7A7}.Debug|x64.ActiveCfg = Debug|x64
		{FC2E1CD8-05C6-4E07-8A1B-2F95C141E7A7}.Debug|x64.Build.0 = Debug|x64
		{FC2E1CD8-05C6-4E07-8A1B-2F95C141E7A7}.DebugGame|x64.ActiveCfg = Debug|x64
		{FC2E1CD8-05C6-4E07-8A1B-2F95C141E7A7}.DebugGame|x64.Build.0 = Debug|x64
		{FC2E1CD8-05C6-4E07-8A1B-2F95C141E7A7}.Release|x64.ActiveCfg = Release|x64
		{FC2E1CD8-05C6-4E07-8A1B-2F95C141E7A7}.Release|x64.Build.0 = Release|x64
		{F61BF5D3-F4E0-434E-BEE0-A077AFD183C7}.Debug|x64.ActiveCfg = Debug|x64
		{F61BF5D3-F4E0-434E-BEE0-A077AFD183C7}.Debug|x64.Build.0 = Debug|x64
		{F61BF5D3-F4E0-434E-BEE0-A077AFD183C7}.DebugGame|x64.ActiveCfg = Debug|x64
		{F61BF5D3-F4E0-434E-BEE0-A077AFD183C7}.DebugGame|x64.Build.0 = Debug|x64
		{F61BF5D3-F4E0-434E-BEE0-A077AFD183C7}.Release|x64.ActiveCfg = Release|x64
		{F61BF5D3-F4E0-434E-BEE0-A077AFD183C7}.Release|x64.Build.0 = Release|x64
		{5F487CEF-A39C-42C9-9877-80D38A56FB7A}.Debug|x64.ActiveCfg = Debug|x64
		{5F487CEF-A39C-42C9-9877-80D38A56FB7A}.Debug|x64.Build.0 = Debug|x64
		{5F487CEF-A39C-42C9-9877-80D38A56FB7A}.DebugGame|x64.ActiveCfg = Debug|x64
		{5F487CEF-A39C-42C9-9877-80D38A56FB7A}.DebugGame|x64.Build.0 = Debug|x64
		{5F487CEF-A39C-42C9-9877-80D38A56FB7A}.Release|x64.ActiveCfg = Release|x64
		{5F487CEF-A39C-42C9-9877-80D38A56FB7A}.Release|x64.Build.0 = Release|x64
		{5663D602-F07A-4087-AF21-338925211176}.Debug|x64.ActiveCfg = Debug|x64
		{5663D602-F07A-4087-AF21-338925211176}.Debug|x64.Build.0 = Debug|x64
		{5663D602-F07A-4087-AF21-338925211176}.DebugGame|x64.ActiveCfg = Debug|x64
		{5663D602-F07A-4087-AF21-338925211176}.DebugGame|x64.Build.0 = Debug|x64
		{5663D602-F07A-4087-AF21-338925211176}.Release|x64.ActiveCfg = Release|x64
		{5663D602-F07A-4087-AF21-338925211176}.Release|x64.Build.0 = Release|x64
		{BDA3AAB7-3E42-49D7-A9EC-033026169460}.Debug|x64.ActiveCfg = Release|x64
		{BDA3AAB7-3E42-49D7-A9EC-033026169460}.Debug|x64.Build.0 = Release|x64
		{BDA3AAB7-3E42-49D7-A9EC-033026169460}.DebugGame|x64.ActiveCfg = Release|x64
		{BDA3AAB7-3E42-49D7-A9EC-033026169460}.DebugGame|x64.Build.0 = Release|x64
		{BDA3AAB7-3E42-49D7-A9EC-033026169460}.Release|x64.ActiveCfg = Release|x64
		{BDA3AAB7-3E42-49D7-A9EC-033026169460}.Release|x64.Build.0 = Release|x64
		{FDC91C42-025A-4157-BF6A-ED0FF44E3DBC}.Debug|x64.ActiveCfg = Debug|x64
		{FDC91C42-025A-4157-BF6A-ED0FF44E3DBC}.Debug|x64.Build.0 = Debug|x64
		{FDC91C42-025A-4157-BF6A-ED0FF44E3DBC}.DebugGame|x64.ActiveCfg = Debug|x64
		{FDC91C42-025A-4157-BF6A-ED0FF44E3DBC}.DebugGame|x64.Build.0 = Debug|x64
		{FDC91C42-025A-4157-BF6A-ED0FF44E3DBC}.Release|x64.ActiveCfg = Release|x64
		{FDC91C42-025A-4157-BF6A-ED0FF44E3DBC}.Release|x64.Build.0 = Release|x64
		{641A23FB-DB7E-4596-BCCA-F0FF005EB2F6}.Debug|x64.ActiveCfg = Debug|x64
		{641A23FB-DB7E-4596-BCCA-F0FF005EB2F6}.Debug|x64.Build.0 = Debug|x64
		{641A23FB-DB7E-4596-BCCA-F0FF005EB2F6}.DebugGame|x64.ActiveCfg = Debug|x64
		{641A23FB-DB7E-4596-BCCA-F0FF005EB2F6}.DebugGame|x64.Build.0 = Debug|x64
		{641A23FB-DB7E-4596-BCCA-F0FF005EB2F6}.Release|x64.ActiveCfg = Release|x64
		{641A23FB-DB7E-4596-BCCA-F0FF005EB2F6}.Release|x64.Build.0 = Release|x64
		{FC89A91D-BED1-4225-B811-4311A8066A5D}.Debug|x64.ActiveCfg = Debug|x64
		{FC89A91D-BED1-4225-B811-4311A8066A5D}.Debug|x64.Build.0 = Debug|x64
		{FC89A91D-BED1-4225-B811-4311A8066A5D}.DebugGame|x64.ActiveCfg = Debug|x64
		{FC89A91D-BED1-4225-B811-4311A8066A5D}.DebugGame|x64.Build.0 = Debug|x64
		{FC89A91D-BED1-4225-B811-4311A8066A5D}.Release|x64.ActiveCfg = Release|x64
		{FC89A91D-BED1-4225-B811-4311A8066A5D}.Release|x64.Build.0 = Release|x64
		{A89D1CA0-29DD-41CF-BE82-C8CC3D4831BF}.Debug|x64.ActiveCfg = Debug|x64
		{A89D1CA0-29DD-41CF-BE82-C8CC3D4831BF}.Debug|x64.Build.0 = Debug|x64
		{A89D1CA0-29DD-41CF-BE82-C8CC3D4831BF}.DebugGame|x64.ActiveCfg = Debug|x64
		{A89D1CA0-29DD-41CF-BE82-C8CC3D4831BF}.DebugGame|x64.Build.0 = Debug|x64
		{A89D1CA0-29DD-41CF-BE82-C8CC3D4831BF}.Release|x64.ActiveCfg = Release|x64
		{A89D1CA0-29DD-41CF-BE82-C8CC3D4831BF}.Release|x64.Build.0 = Release|x64
		{D903C9EB-BD93-4DAA-9374-FDD793A62663}.Debug|x64.ActiveCfg = Debug|x64
		{D903C9EB-BD93-4DAA-9374-FDD793A62663}.Debug|x64.Build.0 = Debug|x64
		{D903C9EB-BD93-4DAA-9374-FDD793A62663}.DebugGame|x64.ActiveCfg = Debug|Any CPU
		{D903C9EB-BD93-4DAA-9374-FDD793A62663}.DebugGame|x64.Build.0 = Debug|Any CPU
		{D903C9EB-BD93-4DAA-9374-FDD793A62663}.Release|x64.ActiveCfg = Release|Any CPU
		{D903C9EB-BD93-4DAA-9374-FDD793A62663}.Release|x64.Build.0 = Release|Any CPU
	EndGlobalSection
	GlobalSection(SolutionProperties) = preSolution
		HideSolutionNode = FALSE
	EndGlobalSection
	GlobalSection(NestedProjects) = preSolution
		{A0186DBB-07F7-44B7-9C75-1621F2701C81} = {08D7008C-9EDA-48B2-A533-DC702ED93E1F}
		{F1837FD7-1893-48F2-A9D1-AD8004C55B32} = {A0186DBB-07F7-44B7-9C75-1621F2701C81}
		{37F5ACFC-E3C8-401B-9EC0-D76E55176A78} = {A0186DBB-07F7-44B7-9C75-1621F2701C81}
		{472DD436-B1A5-4587-AEC5-CA60133D7DA7} = {4EBFC71C-6661-46D3-9130-C4DC549985EC}
		{5BE0A90B-F00B-46F8-8F3E-F6DF40A5EB67} = {1E9B477B-9EBA-4AB3-9560-47357A48F070}
		{FC2E1CD8-05C6-4E07-8A1B-2F95C141E7A7} = {A0186DBB-07F7-44B7-9C75-1621F2701C81}
		{F61BF5D3-F4E0-434E-BEE0-A077AFD183C7} = {A0186DBB-07F7-44B7-9C75-1621F2701C81}
		{DD80F69A-8E28-4FF3-A070-6AE8A146DB6C} = {08D7008C-9EDA-48B2-A533-DC702ED93E1F}
		{5F487CEF-A39C-42C9-9877-80D38A56FB7A} = {DD80F69A-8E28-4FF3-A070-6AE8A146DB6C}
		{5663D602-F07A-4087-AF21-338925211176} = {A0186DBB-07F7-44B7-9C75-1621F2701C81}
		{BDA3AAB7-3E42-49D7-A9EC-033026169460} = {1E9B477B-9EBA-4AB3-9560-47357A48F070}
		{FDC91C42-025A-4157-BF6A-ED0FF44E3DBC} = {1E9B477B-9EBA-4AB3-9560-47357A48F070}
		{641A23FB-DB7E-4596-BCCA-F0FF005EB2F6} = {1E9B477B-9EBA-4AB3-9560-47357A48F070}
		{FC89A91D-BED1-4225-B811-4311A8066A5D} = {1E9B477B-9EBA-4AB3-9560-47357A48F070}
		{A89D1CA0-29DD-41CF-BE82-C8CC3D4831BF} = {1E9B477B-9EBA-4AB3-9560-47357A48F070}
		{D903C9EB-BD93-4DAA-9374-FDD793A62663} = {A0186DBB-07F7-44B7-9C75-1621F2701C81}
	EndGlobalSection
	GlobalSection(ExtensibilityGlobals) = postSolution
		SolutionGuid = {52610817-E0E0-4D63-892A-ABA2133FAF1A}
	EndGlobalSection
EndGlobal
